// !$*UTF8*$!
{
	archiveVersion = 1;
	classes = {
	};
	objectVersion = 55;
	objects = {

/* Begin PBXBuildFile section */
		9A30A7632830188D00830DF1 /* AppDelegate.swift in Sources */ = {isa = PBXBuildFile; fileRef = 9A30A7622830188D00830DF1 /* AppDelegate.swift */; };
		9A30A7652830188D00830DF1 /* SceneDelegate.swift in Sources */ = {isa = PBXBuildFile; fileRef = 9A30A7642830188D00830DF1 /* SceneDelegate.swift */; };
		9A30A7672830188D00830DF1 /* ViewController.swift in Sources */ = {isa = PBXBuildFile; fileRef = 9A30A7662830188D00830DF1 /* ViewController.swift */; };
		9A30A76A2830188D00830DF1 /* Main.storyboard in Resources */ = {isa = PBXBuildFile; fileRef = 9A30A7682830188D00830DF1 /* Main.storyboard */; };
		9A30A76C2830189100830DF1 /* Assets.xcassets in Resources */ = {isa = PBXBuildFile; fileRef = 9A30A76B2830189100830DF1 /* Assets.xcassets */; };
		9A30A76F2830189100830DF1 /* LaunchScreen.storyboard in Resources */ = {isa = PBXBuildFile; fileRef = 9A30A76D2830189100830DF1 /* LaunchScreen.storyboard */; };
		9A30A77A2830189100830DF1 /* UITableView_ProgrammaticallyTests.swift in Sources */ = {isa = PBXBuildFile; fileRef = 9A30A7792830189100830DF1 /* UITableView_ProgrammaticallyTests.swift */; };
		9A30A7842830189100830DF1 /* UITableView_ProgrammaticallyUITests.swift in Sources */ = {isa = PBXBuildFile; fileRef = 9A30A7832830189100830DF1 /* UITableView_ProgrammaticallyUITests.swift */; };
		9A30A7862830189100830DF1 /* UITableView_ProgrammaticallyUITestsLaunchTests.swift in Sources */ = {isa = PBXBuildFile; fileRef = 9A30A7852830189100830DF1 /* UITableView_ProgrammaticallyUITestsLaunchTests.swift */; };
		9A30A793283019A900830DF1 /* ContactViewController.swift in Sources */ = {isa = PBXBuildFile; fileRef = 9A30A792283019A900830DF1 /* ContactViewController.swift */; };
		9A30A79528301DD500830DF1 /* CustomTableViewCell.swift in Sources */ = {isa = PBXBuildFile; fileRef = 9A30A79428301DD500830DF1 /* CustomTableViewCell.swift */; };
		9A30A7972830D6FE00830DF1 /* ContactDataModel.swift in Sources */ = {isa = PBXBuildFile; fileRef = 9A30A7962830D6FE00830DF1 /* ContactDataModel.swift */; };
		9A30A7992831379A00830DF1 /* ContactDataSource.swift in Sources */ = {isa = PBXBuildFile; fileRef = 9A30A7982831379A00830DF1 /* ContactDataSource.swift */; };
		9A30A79B28313BCE00830DF1 /* ContactDelegate.swift in Sources */ = {isa = PBXBuildFile; fileRef = 9A30A79A28313BCE00830DF1 /* ContactDelegate.swift */; };
		9A30A79D283145D400830DF1 /* ContactDetailsViewController.swift in Sources */ = {isa = PBXBuildFile; fileRef = 9A30A79C283145D400830DF1 /* ContactDetailsViewController.swift */; };
/* End PBXBuildFile section */

/* Begin PBXContainerItemProxy section */
		9A30A7762830189100830DF1 /* PBXContainerItemProxy */ = {
			isa = PBXContainerItemProxy;
			containerPortal = 9A30A7572830188D00830DF1 /* Project object */;
			proxyType = 1;
			remoteGlobalIDString = 9A30A75E2830188D00830DF1;
			remoteInfo = UITableView_Programmatically;
		};
		9A30A7802830189100830DF1 /* PBXContainerItemProxy */ = {
			isa = PBXContainerItemProxy;
			containerPortal = 9A30A7572830188D00830DF1 /* Project object */;
			proxyType = 1;
			remoteGlobalIDString = 9A30A75E2830188D00830DF1;
			remoteInfo = UITableView_Programmatically;
		};
/* End PBXContainerItemProxy section */

/* Begin PBXFileReference section */
		9A30A75F2830188D00830DF1 /* UITableView_Programmatically.app */ = {isa = PBXFileReference; explicitFileType = wrapper.application; includeInIndex = 0; path = UITableView_Programmatically.app; sourceTree = BUILT_PRODUCTS_DIR; };
		9A30A7622830188D00830DF1 /* AppDelegate.swift */ = {isa = PBXFileReference; lastKnownFileType = sourcecode.swift; path = AppDelegate.swift; sourceTree = "<group>"; };
		9A30A7642830188D00830DF1 /* SceneDelegate.swift */ = {isa = PBXFileReference; lastKnownFileType = sourcecode.swift; path = SceneDelegate.swift; sourceTree = "<group>"; };
		9A30A7662830188D00830DF1 /* ViewController.swift */ = {isa = PBXFileReference; lastKnownFileType = sourcecode.swift; path = ViewController.swift; sourceTree = "<group>"; };
		9A30A7692830188D00830DF1 /* Base */ = {isa = PBXFileReference; lastKnownFileType = file.storyboard; name = Base; path = Base.lproj/Main.storyboard; sourceTree = "<group>"; };
		9A30A76B2830189100830DF1 /* Assets.xcassets */ = {isa = PBXFileReference; lastKnownFileType = folder.assetcatalog; path = Assets.xcassets; sourceTree = "<group>"; };
		9A30A76E2830189100830DF1 /* Base */ = {isa = PBXFileReference; lastKnownFileType = file.storyboard; name = Base; path = Base.lproj/LaunchScreen.storyboard; sourceTree = "<group>"; };
		9A30A7702830189100830DF1 /* Info.plist */ = {isa = PBXFileReference; lastKnownFileType = text.plist.xml; path = Info.plist; sourceTree = "<group>"; };
		9A30A7752830189100830DF1 /* UITableView_ProgrammaticallyTests.xctest */ = {isa = PBXFileReference; explicitFileType = wrapper.cfbundle; includeInIndex = 0; path = UITableView_ProgrammaticallyTests.xctest; sourceTree = BUILT_PRODUCTS_DIR; };
		9A30A7792830189100830DF1 /* UITableView_ProgrammaticallyTests.swift */ = {isa = PBXFileReference; lastKnownFileType = sourcecode.swift; path = UITableView_ProgrammaticallyTests.swift; sourceTree = "<group>"; };
		9A30A77F2830189100830DF1 /* UITableView_ProgrammaticallyUITests.xctest */ = {isa = PBXFileReference; explicitFileType = wrapper.cfbundle; includeInIndex = 0; path = UITableView_ProgrammaticallyUITests.xctest; sourceTree = BUILT_PRODUCTS_DIR; };
		9A30A7832830189100830DF1 /* UITableView_ProgrammaticallyUITests.swift */ = {isa = PBXFileReference; lastKnownFileType = sourcecode.swift; path = UITableView_ProgrammaticallyUITests.swift; sourceTree = "<group>"; };
		9A30A7852830189100830DF1 /* UITableView_ProgrammaticallyUITestsLaunchTests.swift */ = {isa = PBXFileReference; lastKnownFileType = sourcecode.swift; path = UITableView_ProgrammaticallyUITestsLaunchTests.swift; sourceTree = "<group>"; };
		9A30A792283019A900830DF1 /* ContactViewController.swift */ = {isa = PBXFileReference; lastKnownFileType = sourcecode.swift; path = ContactViewController.swift; sourceTree = "<group>"; };
		9A30A79428301DD500830DF1 /* CustomTableViewCell.swift */ = {isa = PBXFileReference; lastKnownFileType = sourcecode.swift; path = CustomTableViewCell.swift; sourceTree = "<group>"; };
		9A30A7962830D6FE00830DF1 /* ContactDataModel.swift */ = {isa = PBXFileReference; lastKnownFileType = sourcecode.swift; path = ContactDataModel.swift; sourceTree = "<group>"; };
		9A30A7982831379A00830DF1 /* ContactDataSource.swift */ = {isa = PBXFileReference; lastKnownFileType = sourcecode.swift; path = ContactDataSource.swift; sourceTree = "<group>"; };
		9A30A79A28313BCE00830DF1 /* ContactDelegate.swift */ = {isa = PBXFileReference; lastKnownFileType = sourcecode.swift; path = ContactDelegate.swift; sourceTree = "<group>"; };
		9A30A79C283145D400830DF1 /* ContactDetailsViewController.swift */ = {isa = PBXFileReference; lastKnownFileType = sourcecode.swift; path = ContactDetailsViewController.swift; sourceTree = "<group>"; };
/* End PBXFileReference section */

/* Begin PBXFrameworksBuildPhase section */
		9A30A75C2830188D00830DF1 /* Frameworks */ = {
			isa = PBXFrameworksBuildPhase;
			buildActionMask = 2147483647;
			files = (
			);
			runOnlyForDeploymentPostprocessing = 0;
		};
		9A30A7722830189100830DF1 /* Frameworks */ = {
			isa = PBXFrameworksBuildPhase;
			buildActionMask = 2147483647;
			files = (
			);
			runOnlyForDeploymentPostprocessing = 0;
		};
		9A30A77C2830189100830DF1 /* Frameworks */ = {
			isa = PBXFrameworksBuildPhase;
			buildActionMask = 2147483647;
			files = (
			);
			runOnlyForDeploymentPostprocessing = 0;
		};
/* End PBXFrameworksBuildPhase section */

/* Begin PBXGroup section */
		9A30A7562830188D00830DF1 = {
			isa = PBXGroup;
			children = (
				9A30A7612830188D00830DF1 /* UITableView_Programmatically */,
				9A30A7782830189100830DF1 /* UITableView_ProgrammaticallyTests */,
				9A30A7822830189100830DF1 /* UITableView_ProgrammaticallyUITests */,
				9A30A7602830188D00830DF1 /* Products */,
			);
			sourceTree = "<group>";
		};
		9A30A7602830188D00830DF1 /* Products */ = {
			isa = PBXGroup;
			children = (
				9A30A75F2830188D00830DF1 /* UITableView_Programmatically.app */,
				9A30A7752830189100830DF1 /* UITableView_ProgrammaticallyTests.xctest */,
				9A30A77F2830189100830DF1 /* UITableView_ProgrammaticallyUITests.xctest */,
			);
			name = Products;
			sourceTree = "<group>";
		};
		9A30A7612830188D00830DF1 /* UITableView_Programmatically */ = {
			isa = PBXGroup;
			children = (
				9A30A7622830188D00830DF1 /* AppDelegate.swift */,
				9A30A7962830D6FE00830DF1 /* ContactDataModel.swift */,
				9A30A79428301DD500830DF1 /* CustomTableViewCell.swift */,
				9A30A7642830188D00830DF1 /* SceneDelegate.swift */,
				9A30A7662830188D00830DF1 /* ViewController.swift */,
				9A30A792283019A900830DF1 /* ContactViewController.swift */,
				9A30A79C283145D400830DF1 /* ContactDetailsViewController.swift */,
				9A30A7982831379A00830DF1 /* ContactDataSource.swift */,
				9A30A79A28313BCE00830DF1 /* ContactDelegate.swift */,
				9A30A7682830188D00830DF1 /* Main.storyboard */,
				9A30A76B2830189100830DF1 /* Assets.xcassets */,
				9A30A76D2830189100830DF1 /* LaunchScreen.storyboard */,
				9A30A7702830189100830DF1 /* Info.plist */,
			);
			path = UITableView_Programmatically;
			sourceTree = "<group>";
		};
		9A30A7782830189100830DF1 /* UITableView_ProgrammaticallyTests */ = {
			isa = PBXGroup;
			children = (
				9A30A7792830189100830DF1 /* UITableView_ProgrammaticallyTests.swift */,
			);
			path = UITableView_ProgrammaticallyTests;
			sourceTree = "<group>";
		};
		9A30A7822830189100830DF1 /* UITableView_ProgrammaticallyUITests */ = {
			isa = PBXGroup;
			children = (
				9A30A7832830189100830DF1 /* UITableView_ProgrammaticallyUITests.swift */,
				9A30A7852830189100830DF1 /* UITableView_ProgrammaticallyUITestsLaunchTests.swift */,
			);
			path = UITableView_ProgrammaticallyUITests;
			sourceTree = "<group>";
		};
/* End PBXGroup section */

/* Begin PBXNativeTarget section */
		9A30A75E2830188D00830DF1 /* UITableView_Programmatically */ = {
			isa = PBXNativeTarget;
			buildConfigurationList = 9A30A7892830189100830DF1 /* Build configuration list for PBXNativeTarget "UITableView_Programmatically" */;
			buildPhases = (
				9A30A75B2830188D00830DF1 /* Sources */,
				9A30A75C2830188D00830DF1 /* Frameworks */,
				9A30A75D2830188D00830DF1 /* Resources */,
			);
			buildRules = (
			);
			dependencies = (
			);
			name = UITableView_Programmatically;
			productName = UITableView_Programmatically;
			productReference = 9A30A75F2830188D00830DF1 /* UITableView_Programmatically.app */;
			productType = "com.apple.product-type.application";
		};
		9A30A7742830189100830DF1 /* UITableView_ProgrammaticallyTests */ = {
			isa = PBXNativeTarget;
			buildConfigurationList = 9A30A78C2830189100830DF1 /* Build configuration list for PBXNativeTarget "UITableView_ProgrammaticallyTests" */;
			buildPhases = (
				9A30A7712830189100830DF1 /* Sources */,
				9A30A7722830189100830DF1 /* Frameworks */,
				9A30A7732830189100830DF1 /* Resources */,
			);
			buildRules = (
			);
			dependencies = (
				9A30A7772830189100830DF1 /* PBXTargetDependency */,
			);
			name = UITableView_ProgrammaticallyTests;
			productName = UITableView_ProgrammaticallyTests;
			productReference = 9A30A7752830189100830DF1 /* UITableView_ProgrammaticallyTests.xctest */;
			productType = "com.apple.product-type.bundle.unit-test";
		};
		9A30A77E2830189100830DF1 /* UITableView_ProgrammaticallyUITests */ = {
			isa = PBXNativeTarget;
			buildConfigurationList = 9A30A78F2830189100830DF1 /* Build configuration list for PBXNativeTarget "UITableView_ProgrammaticallyUITests" */;
			buildPhases = (
				9A30A77B2830189100830DF1 /* Sources */,
				9A30A77C2830189100830DF1 /* Frameworks */,
				9A30A77D2830189100830DF1 /* Resources */,
			);
			buildRules = (
			);
			dependencies = (
				9A30A7812830189100830DF1 /* PBXTargetDependency */,
			);
			name = UITableView_ProgrammaticallyUITests;
			productName = UITableView_ProgrammaticallyUITests;
			productReference = 9A30A77F2830189100830DF1 /* UITableView_ProgrammaticallyUITests.xctest */;
			productType = "com.apple.product-type.bundle.ui-testing";
		};
/* End PBXNativeTarget section */

/* Begin PBXProject section */
		9A30A7572830188D00830DF1 /* Project object */ = {
			isa = PBXProject;
			attributes = {
				BuildIndependentTargetsInParallel = 1;
				LastSwiftUpdateCheck = 1300;
				LastUpgradeCheck = 1300;
				TargetAttributes = {
					9A30A75E2830188D00830DF1 = {
						CreatedOnToolsVersion = 13.0;
					};
					9A30A7742830189100830DF1 = {
						CreatedOnToolsVersion = 13.0;
						TestTargetID = 9A30A75E2830188D00830DF1;
					};
					9A30A77E2830189100830DF1 = {
						CreatedOnToolsVersion = 13.0;
						TestTargetID = 9A30A75E2830188D00830DF1;
					};
				};
			};
			buildConfigurationList = 9A30A75A2830188D00830DF1 /* Build configuration list for PBXProject "UITableView_Programmatically" */;
			compatibilityVersion = "Xcode 13.0";
			developmentRegion = en;
			hasScannedForEncodings = 0;
			knownRegions = (
				en,
				Base,
			);
			mainGroup = 9A30A7562830188D00830DF1;
			productRefGroup = 9A30A7602830188D00830DF1 /* Products */;
			projectDirPath = "";
			projectRoot = "";
			targets = (
				9A30A75E2830188D00830DF1 /* UITableView_Programmatically */,
				9A30A7742830189100830DF1 /* UITableView_ProgrammaticallyTests */,
				9A30A77E2830189100830DF1 /* UITableView_ProgrammaticallyUITests */,
			);
		};
/* End PBXProject section */

/* Begin PBXResourcesBuildPhase section */
		9A30A75D2830188D00830DF1 /* Resources */ = {
			isa = PBXResourcesBuildPhase;
			buildActionMask = 2147483647;
			files = (
				9A30A76F2830189100830DF1 /* LaunchScreen.storyboard in Resources */,
				9A30A76C2830189100830DF1 /* Assets.xcassets in Resources */,
				9A30A76A2830188D00830DF1 /* Main.storyboard in Resources */,
			);
			runOnlyForDeploymentPostprocessing = 0;
		};
		9A30A7732830189100830DF1 /* Resources */ = {
			isa = PBXResourcesBuildPhase;
			buildActionMask = 2147483647;
			files = (
			);
			runOnlyForDeploymentPostprocessing = 0;
		};
		9A30A77D2830189100830DF1 /* Resources */ = {
			isa = PBXResourcesBuildPhase;
			buildActionMask = 2147483647;
			files = (
			);
			runOnlyForDeploymentPostprocessing = 0;
		};
/* End PBXResourcesBuildPhase section */

/* Begin PBXSourcesBuildPhase section */
		9A30A75B2830188D00830DF1 /* Sources */ = {
			isa = PBXSourcesBuildPhase;
			buildActionMask = 2147483647;
			files = (
				9A30A7672830188D00830DF1 /* ViewController.swift in Sources */,
				9A30A7992831379A00830DF1 /* ContactDataSource.swift in Sources */,
				9A30A79D283145D400830DF1 /* ContactDetailsViewController.swift in Sources */,
				9A30A79528301DD500830DF1 /* CustomTableViewCell.swift in Sources */,
				9A30A7972830D6FE00830DF1 /* ContactDataModel.swift in Sources */,
				9A30A793283019A900830DF1 /* ContactViewController.swift in Sources */,
				9A30A7632830188D00830DF1 /* AppDelegate.swift in Sources */,
				9A30A7652830188D00830DF1 /* SceneDelegate.swift in Sources */,
				9A30A79B28313BCE00830DF1 /* ContactDelegate.swift in Sources */,
			);
			runOnlyForDeploymentPostprocessing = 0;
		};
		9A30A7712830189100830DF1 /* Sources */ = {
			isa = PBXSourcesBuildPhase;
			buildActionMask = 2147483647;
			files = (
				9A30A77A2830189100830DF1 /* UITableView_ProgrammaticallyTests.swift in Sources */,
			);
			runOnlyForDeploymentPostprocessing = 0;
		};
		9A30A77B2830189100830DF1 /* Sources */ = {
			isa = PBXSourcesBuildPhase;
			buildActionMask = 2147483647;
			files = (
				9A30A7862830189100830DF1 /* UITableView_ProgrammaticallyUITestsLaunchTests.swift in Sources */,
				9A30A7842830189100830DF1 /* UITableView_ProgrammaticallyUITests.swift in Sources */,
			);
			runOnlyForDeploymentPostprocessing = 0;
		};
/* End PBXSourcesBuildPhase section */

/* Begin PBXTargetDependency section */
		9A30A7772830189100830DF1 /* PBXTargetDependency */ = {
			isa = PBXTargetDependency;
			target = 9A30A75E2830188D00830DF1 /* UITableView_Programmatically */;
			targetProxy = 9A30A7762830189100830DF1 /* PBXContainerItemProxy */;
		};
		9A30A7812830189100830DF1 /* PBXTargetDependency */ = {
			isa = PBXTargetDependency;
			target = 9A30A75E2830188D00830DF1 /* UITableView_Programmatically */;
			targetProxy = 9A30A7802830189100830DF1 /* PBXContainerItemProxy */;
		};
/* End PBXTargetDependency section */

/* Begin PBXVariantGroup section */
		9A30A7682830188D00830DF1 /* Main.storyboard */ = {
			isa = PBXVariantGroup;
			children = (
				9A30A7692830188D00830DF1 /* Base */,
			);
			name = Main.storyboard;
			sourceTree = "<group>";
		};
		9A30A76D2830189100830DF1 /* LaunchScreen.storyboard */ = {
			isa = PBXVariantGroup;
			children = (
				9A30A76E2830189100830DF1 /* Base */,
			);
			name = LaunchScreen.storyboard;
			sourceTree = "<group>";
		};
/* End PBXVariantGroup section */

/* Begin XCBuildConfiguration section */
		9A30A7872830189100830DF1 /* Debug */ = {
			isa = XCBuildConfiguration;
			buildSettings = {
				ALWAYS_SEARCH_USER_PATHS = NO;
				CLANG_ANALYZER_NONNULL = YES;
				CLANG_ANALYZER_NUMBER_OBJECT_CONVERSION = YES_AGGRESSIVE;
				CLANG_CXX_LANGUAGE_STANDARD = "gnu++17";
				CLANG_CXX_LIBRARY = "libc++";
				CLANG_ENABLE_MODULES = YES;
				CLANG_ENABLE_OBJC_ARC = YES;
				CLANG_ENABLE_OBJC_WEAK = YES;
				CLANG_WARN_BLOCK_CAPTURE_AUTORELEASING = YES;
				CLANG_WARN_BOOL_CONVERSION = YES;
				CLANG_WARN_COMMA = YES;
				CLANG_WARN_CONSTANT_CONVERSION = YES;
				CLANG_WARN_DEPRECATED_OBJC_IMPLEMENTATIONS = YES;
				CLANG_WARN_DIRECT_OBJC_ISA_USAGE = YES_ERROR;
				CLANG_WARN_DOCUMENTATION_COMMENTS = YES;
				CLANG_WARN_EMPTY_BODY = YES;
				CLANG_WARN_ENUM_CONVERSION = YES;
				CLANG_WARN_INFINITE_RECURSION = YES;
				CLANG_WARN_INT_CONVERSION = YES;
				CLANG_WARN_NON_LITERAL_NULL_CONVERSION = YES;
				CLANG_WARN_OBJC_IMPLICIT_RETAIN_SELF = YES;
				CLANG_WARN_OBJC_LITERAL_CONVERSION = YES;
				CLANG_WARN_OBJC_ROOT_CLASS = YES_ERROR;
				CLANG_WARN_QUOTED_INCLUDE_IN_FRAMEWORK_HEADER = YES;
				CLANG_WARN_RANGE_LOOP_ANALYSIS = YES;
				CLANG_WARN_STRICT_PROTOTYPES = YES;
				CLANG_WARN_SUSPICIOUS_MOVE = YES;
				CLANG_WARN_UNGUARDED_AVAILABILITY = YES_AGGRESSIVE;
				CLANG_WARN_UNREACHABLE_CODE = YES;
				CLANG_WARN__DUPLICATE_METHOD_MATCH = YES;
				COPY_PHASE_STRIP = NO;
				DEBUG_INFORMATION_FORMAT = dwarf;
				ENABLE_STRICT_OBJC_MSGSEND = YES;
				ENABLE_TESTABILITY = YES;
				GCC_C_LANGUAGE_STANDARD = gnu11;
				GCC_DYNAMIC_NO_PIC = NO;
				GCC_NO_COMMON_BLOCKS = YES;
				GCC_OPTIMIZATION_LEVEL = 0;
				GCC_PREPROCESSOR_DEFINITIONS = (
					"DEBUG=1",
					"$(inherited)",
				);
				GCC_WARN_64_TO_32_BIT_CONVERSION = YES;
				GCC_WARN_ABOUT_RETURN_TYPE = YES_ERROR;
				GCC_WARN_UNDECLARED_SELECTOR = YES;
				GCC_WARN_UNINITIALIZED_AUTOS = YES_AGGRESSIVE;
				GCC_WARN_UNUSED_FUNCTION = YES;
				GCC_WARN_UNUSED_VARIABLE = YES;
				IPHONEOS_DEPLOYMENT_TARGET = 15.0;
				MTL_ENABLE_DEBUG_INFO = INCLUDE_SOURCE;
				MTL_FAST_MATH = YES;
				ONLY_ACTIVE_ARCH = YES;
				SDKROOT = iphoneos;
				SWIFT_ACTIVE_COMPILATION_CONDITIONS = DEBUG;
				SWIFT_OPTIMIZATION_LEVEL = "-Onone";
			};
			name = Debug;
		};
		9A30A7882830189100830DF1 /* Release */ = {
			isa = XCBuildConfiguration;
			buildSettings = {
				ALWAYS_SEARCH_USER_PATHS = NO;
				CLANG_ANALYZER_NONNULL = YES;
				CLANG_ANALYZER_NUMBER_OBJECT_CONVERSION = YES_AGGRESSIVE;
				CLANG_CXX_LANGUAGE_STANDARD = "gnu++17";
				CLANG_CXX_LIBRARY = "libc++";
				CLANG_ENABLE_MODULES = YES;
				CLANG_ENABLE_OBJC_ARC = YES;
				CLANG_ENABLE_OBJC_WEAK = YES;
				CLANG_WARN_BLOCK_CAPTURE_AUTORELEASING = YES;
				CLANG_WARN_BOOL_CONVERSION = YES;
				CLANG_WARN_COMMA = YES;
				CLANG_WARN_CONSTANT_CONVERSION = YES;
				CLANG_WARN_DEPRECATED_OBJC_IMPLEMENTATIONS = YES;
				CLANG_WARN_DIRECT_OBJC_ISA_USAGE = YES_ERROR;
				CLANG_WARN_DOCUMENTATION_COMMENTS = YES;
				CLANG_WARN_EMPTY_BODY = YES;
				CLANG_WARN_ENUM_CONVERSION = YES;
				CLANG_WARN_INFINITE_RECURSION = YES;
				CLANG_WARN_INT_CONVERSION = YES;
				CLANG_WARN_NON_LITERAL_NULL_CONVERSION = YES;
				CLANG_WARN_OBJC_IMPLICIT_RETAIN_SELF = YES;
				CLANG_WARN_OBJC_LITERAL_CONVERSION = YES;
				CLANG_WARN_OBJC_ROOT_CLASS = YES_ERROR;
				CLANG_WARN_QUOTED_INCLUDE_IN_FRAMEWORK_HEADER = YES;
				CLANG_WARN_RANGE_LOOP_ANALYSIS = YES;
				CLANG_WARN_STRICT_PROTOTYPES = YES;
				CLANG_WARN_SUSPICIOUS_MOVE = YES;
				CLANG_WARN_UNGUARDED_AVAILABILITY = YES_AGGRESSIVE;
				CLANG_WARN_UNREACHABLE_CODE = YES;
				CLANG_WARN__DUPLICATE_METHOD_MATCH = YES;
				COPY_PHASE_STRIP = NO;
				DEBUG_INFORMATION_FORMAT = "dwarf-with-dsym";
				ENABLE_NS_ASSERTIONS = NO;
				ENABLE_STRICT_OBJC_MSGSEND = YES;
				GCC_C_LANGUAGE_STANDARD = gnu11;
				GCC_NO_COMMON_BLOCKS = YES;
				GCC_WARN_64_TO_32_BIT_CONVERSION = YES;
				GCC_WARN_ABOUT_RETURN_TYPE = YES_ERROR;
				GCC_WARN_UNDECLARED_SELECTOR = YES;
				GCC_WARN_UNINITIALIZED_AUTOS = YES_AGGRESSIVE;
				GCC_WARN_UNUSED_FUNCTION = YES;
				GCC_WARN_UNUSED_VARIABLE = YES;
				IPHONEOS_DEPLOYMENT_TARGET = 15.0;
				MTL_ENABLE_DEBUG_INFO = NO;
				MTL_FAST_MATH = YES;
				SDKROOT = iphoneos;
				SWIFT_COMPILATION_MODE = wholemodule;
				SWIFT_OPTIMIZATION_LEVEL = "-O";
				VALIDATE_PRODUCT = YES;
			};
			name = Release;
		};
		9A30A78A2830189100830DF1 /* Debug */ = {
			isa = XCBuildConfiguration;
			buildSettings = {
				ASSETCATALOG_COMPILER_APPICON_NAME = AppIcon;
				ASSETCATALOG_COMPILER_GLOBAL_ACCENT_COLOR_NAME = AccentColor;
				CODE_SIGN_STYLE = Automatic;
				CURRENT_PROJECT_VERSION = 1;
				GENERATE_INFOPLIST_FILE = YES;
				INFOPLIST_FILE = UITableView_Programmatically/Info.plist;
				INFOPLIST_KEY_UIApplicationSupportsIndirectInputEvents = YES;
				INFOPLIST_KEY_UILaunchStoryboardName = LaunchScreen;
				INFOPLIST_KEY_UIMainStoryboardFile = Main;
				INFOPLIST_KEY_UISupportedInterfaceOrientations_iPad = "UIInterfaceOrientationPortrait UIInterfaceOrientationPortraitUpsideDown UIInterfaceOrientationLandscapeLeft UIInterfaceOrientationLandscapeRight";
				INFOPLIST_KEY_UISupportedInterfaceOrientations_iPhone = "UIInterfaceOrientationPortrait UIInterfaceOrientationLandscapeLeft UIInterfaceOrientationLandscapeRight";
				LD_RUNPATH_SEARCH_PATHS = (
					"$(inherited)",
					"@executable_path/Frameworks",
				);
				MARKETING_VERSION = 1.0;
				PRODUCT_BUNDLE_IDENTIFIER = "com.rsllearning.UITableView-Programmatically";
				PRODUCT_NAME = "$(TARGET_NAME)";
				SWIFT_EMIT_LOC_STRINGS = YES;
				SWIFT_VERSION = 5.0;
				TARGETED_DEVICE_FAMILY = "1,2";
			};
			name = Debug;
		};
		9A30A78B2830189100830DF1 /* Release */ = {
			isa = XCBuildConfiguration;
			buildSettings = {
				ASSETCATALOG_COMPILER_APPICON_NAME = AppIcon;
				ASSETCATALOG_COMPILER_GLOBAL_ACCENT_COLOR_NAME = AccentColor;
				CODE_SIGN_STYLE = Automatic;
				CURRENT_PROJECT_VERSION = 1;
				GENERATE_INFOPLIST_FILE = YES;
				INFOPLIST_FILE = UITableView_Programmatically/Info.plist;
				INFOPLIST_KEY_UIApplicationSupportsIndirectInputEvents = YES;
				INFOPLIST_KEY_UILaunchStoryboardName = LaunchScreen;
				INFOPLIST_KEY_UIMainStoryboardFile = Main;
				INFOPLIST_KEY_UISupportedInterfaceOrientations_iPad = "UIInterfaceOrientationPortrait UIInterfaceOrientationPortraitUpsideDown UIInterfaceOrientationLandscapeLeft UIInterfaceOrientationLandscapeRight";
				INFOPLIST_KEY_UISupportedInterfaceOrientations_iPhone = "UIInterfaceOrientationPortrait UIInterfaceOrientationLandscapeLeft UIInterfaceOrientationLandscapeRight";
				LD_RUNPATH_SEARCH_PATHS = (
					"$(inherited)",
					"@executable_path/Frameworks",
				);
				MARKETING_VERSION = 1.0;
				PRODUCT_BUNDLE_IDENTIFIER = "com.rsllearning.UITableView-Programmatically";
				PRODUCT_NAME = "$(TARGET_NAME)";
				SWIFT_EMIT_LOC_STRINGS = YES;
				SWIFT_VERSION = 5.0;
				TARGETED_DEVICE_FAMILY = "1,2";
			};
			name = Release;
		};
		9A30A78D2830189100830DF1 /* Debug */ = {
			isa = XCBuildConfiguration;
			buildSettings = {
				ALWAYS_EMBED_SWIFT_STANDARD_LIBRARIES = YES;
				BUNDLE_LOADER = "$(TEST_HOST)";
				CODE_SIGN_STYLE = Automatic;
				CURRENT_PROJECT_VERSION = 1;
				GENERATE_INFOPLIST_FILE = YES;
				IPHONEOS_DEPLOYMENT_TARGET = 15.0;
				LD_RUNPATH_SEARCH_PATHS = (
					"$(inherited)",
					"@executable_path/Frameworks",
					"@loader_path/Frameworks",
				);
				MARKETING_VERSION = 1.0;
				PRODUCT_BUNDLE_IDENTIFIER = "com.rsllearning.UITableView-ProgrammaticallyTests";
				PRODUCT_NAME = "$(TARGET_NAME)";
				SWIFT_EMIT_LOC_STRINGS = NO;
				SWIFT_VERSION = 5.0;
				TARGETED_DEVICE_FAMILY = "1,2";
				TEST_HOST = "$(BUILT_PRODUCTS_DIR)/UITableView_Programmatically.app/UITableView_Programmatically";
			};
			name = Debug;
		};
		9A30A78E2830189100830DF1 /* Release */ = {
			isa = XCBuildConfiguration;
			buildSettings = {
				ALWAYS_EMBED_SWIFT_STANDARD_LIBRARIES = YES;
				BUNDLE_LOADER = "$(TEST_HOST)";
				CODE_SIGN_STYLE = Automatic;
				CURRENT_PROJECT_VERSION = 1;
				GENERATE_INFOPLIST_FILE = YES;
				IPHONEOS_DEPLOYMENT_TARGET = 15.0;
				LD_RUNPATH_SEARCH_PATHS = (
					"$(inherited)",
					"@executable_path/Frameworks",
					"@loader_path/Frameworks",
				);
				MARKETING_VERSION = 1.0;
				PRODUCT_BUNDLE_IDENTIFIER = "com.rsllearning.UITableView-ProgrammaticallyTests";
				PRODUCT_NAME = "$(TARGET_NAME)";
				SWIFT_EMIT_LOC_STRINGS = NO;
				SWIFT_VERSION = 5.0;
				TARGETED_DEVICE_FAMILY = "1,2";
				TEST_HOST = "$(BUILT_PRODUCTS_DIR)/UITableView_Programmatically.app/UITableView_Programmatically";
			};
			name = Release;
		};
		9A30A7902830189100830DF1 /* Debug */ = {
			isa = XCBuildConfiguration;
			buildSettings = {
				ALWAYS_EMBED_SWIFT_STANDARD_LIBRARIES = YES;
				CODE_SIGN_STYLE = Automatic;
				CURRENT_PROJECT_VERSION = 1;
				GENERATE_INFOPLIST_FILE = YES;
				LD_RUNPATH_SEARCH_PATHS = (
					"$(inherited)",
					"@executable_path/Frameworks",
					"@loader_path/Frameworks",
				);
				MARKETING_VERSION = 1.0;
				PRODUCT_BUNDLE_IDENTIFIER = "com.rsllearning.UITableView-ProgrammaticallyUITests";
				PRODUCT_NAME = "$(TARGET_NAME)";
				SWIFT_EMIT_LOC_STRINGS = NO;
				SWIFT_VERSION = 5.0;
				TARGETED_DEVICE_FAMILY = "1,2";
				TEST_TARGET_NAME = UITableView_Programmatically;
			};
			name = Debug;
		};
		9A30A7912830189100830DF1 /* Release */ = {
			isa = XCBuildConfiguration;
			buildSettings = {
				ALWAYS_EMBED_SWIFT_STANDARD_LIBRARIES = YES;
				CODE_SIGN_STYLE = Automatic;
				CURRENT_PROJECT_VERSION = 1;
				GENERATE_INFOPLIST_FILE = YES;
				LD_RUNPATH_SEARCH_PATHS = (
					"$(inherited)",
					"@executable_path/Frameworks",
					"@loader_path/Frameworks",
				);
				MARKETING_VERSION = 1.0;
				PRODUCT_BUNDLE_IDENTIFIER = "com.rsllearning.UITableView-ProgrammaticallyUITests";
				PRODUCT_NAME = "$(TARGET_NAME)";
				SWIFT_EMIT_LOC_STRINGS = NO;
				SWIFT_VERSION = 5.0;
				TARGETED_DEVICE_FAMILY = "1,2";
				TEST_TARGET_NAME = UITableView_Programmatically;
			};
			name = Release;
		};
/* End XCBuildConfiguration section */

/* Begin XCConfigurationList section */
		9A30A75A2830188D00830DF1 /* Build configuration list for PBXProject "UITableView_Programmatically" */ = {
			isa = XCConfigurationList;
			buildConfigurations = (
				9A30A7872830189100830DF1 /* Debug */,
				9A30A7882830189100830DF1 /* Release */,
			);
			defaultConfigurationIsVisible = 0;
			defaultConfigurationName = Release;
		};
		9A30A7892830189100830DF1 /* Build configuration list for PBXNativeTarget "UITableView_Programmatically" */ = {
			isa = XCConfigurationList;
			buildConfigurations = (
				9A30A78A2830189100830DF1 /* Debug */,
				9A30A78B2830189100830DF1 /* Release */,
			);
			defaultConfigurationIsVisible = 0;
			defaultConfigurationName = Release;
		};
		9A30A78C2830189100830DF1 /* Build configuration list for PBXNativeTarget "UITableView_ProgrammaticallyTests" */ = {
			isa = XCConfigurationList;
			buildConfigurations = (
				9A30A78D2830189100830DF1 /* Debug */,
				9A30A78E2830189100830DF1 /* Release */,
			);
			defaultConfigurationIsVisible = 0;
			defaultConfigurationName = Release;
		};
		9A30A78F2830189100830DF1 /* Build configuration list for PBXNativeTarget "UITableView_ProgrammaticallyUITests" */ = {
			isa = XCConfigurationList;
			buildConfigurations = (
				9A30A7902830189100830DF1 /* Debug */,
				9A30A7912830189100830DF1 /* Release */,
			);
			defaultConfigurationIsVisible = 0;
			defaultConfigurationName = Release;
		};
/* End XCConfigurationList section */
	};
	rootObject = 9A30A7572830188D00830DF1 /* Project object */;
}
