// !$*UTF8*$!
{
	archiveVersion = 1;
	classes = {
	};
	objectVersion = 55;
	objects = {

/* Begin PBXBuildFile section */
		9A865BC0282BFF3B00E2BC2C /* AppDelegate.swift in Sources */ = {isa = PBXBuildFile; fileRef = 9A865BBF282BFF3B00E2BC2C /* AppDelegate.swift */; };
		9A865BC2282BFF3B00E2BC2C /* SceneDelegate.swift in Sources */ = {isa = PBXBuildFile; fileRef = 9A865BC1282BFF3B00E2BC2C /* SceneDelegate.swift */; };
		9A865BC4282BFF3B00E2BC2C /* ViewController.swift in Sources */ = {isa = PBXBuildFile; fileRef = 9A865BC3282BFF3B00E2BC2C /* ViewController.swift */; };
		9A865BC7282BFF3B00E2BC2C /* Main.storyboard in Resources */ = {isa = PBXBuildFile; fileRef = 9A865BC5282BFF3B00E2BC2C /* Main.storyboard */; };
		9A865BC9282BFF4200E2BC2C /* Assets.xcassets in Resources */ = {isa = PBXBuildFile; fileRef = 9A865BC8282BFF4200E2BC2C /* Assets.xcassets */; };
		9A865BCC282BFF4200E2BC2C /* LaunchScreen.storyboard in Resources */ = {isa = PBXBuildFile; fileRef = 9A865BCA282BFF4200E2BC2C /* LaunchScreen.storyboard */; };
		9A865BD7282BFF4200E2BC2C /* Delegation_AssTests.swift in Sources */ = {isa = PBXBuildFile; fileRef = 9A865BD6282BFF4200E2BC2C /* Delegation_AssTests.swift */; };
		9A865BE1282BFF4200E2BC2C /* Delegation_AssUITests.swift in Sources */ = {isa = PBXBuildFile; fileRef = 9A865BE0282BFF4200E2BC2C /* Delegation_AssUITests.swift */; };
		9A865BE3282BFF4200E2BC2C /* Delegation_AssUITestsLaunchTests.swift in Sources */ = {isa = PBXBuildFile; fileRef = 9A865BE2282BFF4200E2BC2C /* Delegation_AssUITestsLaunchTests.swift */; };
		9A865BF0282C035800E2BC2C /* ViewController1.swift in Sources */ = {isa = PBXBuildFile; fileRef = 9A865BEF282C035800E2BC2C /* ViewController1.swift */; };
/* End PBXBuildFile section */

/* Begin PBXContainerItemProxy section */
		9A865BD3282BFF4200E2BC2C /* PBXContainerItemProxy */ = {
			isa = PBXContainerItemProxy;
			containerPortal = 9A865BB4282BFF3B00E2BC2C /* Project object */;
			proxyType = 1;
			remoteGlobalIDString = 9A865BBB282BFF3B00E2BC2C;
			remoteInfo = Delegation_Ass;
		};
		9A865BDD282BFF4200E2BC2C /* PBXContainerItemProxy */ = {
			isa = PBXContainerItemProxy;
			containerPortal = 9A865BB4282BFF3B00E2BC2C /* Project object */;
			proxyType = 1;
			remoteGlobalIDString = 9A865BBB282BFF3B00E2BC2C;
			remoteInfo = Delegation_Ass;
		};
/* End PBXContainerItemProxy section */

/* Begin PBXFileReference section */
		9A865BBC282BFF3B00E2BC2C /* Delegation_Ass.app */ = {isa = PBXFileReference; explicitFileType = wrapper.application; includeInIndex = 0; path = Delegation_Ass.app; sourceTree = BUILT_PRODUCTS_DIR; };
		9A865BBF282BFF3B00E2BC2C /* AppDelegate.swift */ = {isa = PBXFileReference; lastKnownFileType = sourcecode.swift; path = AppDelegate.swift; sourceTree = "<group>"; };
		9A865BC1282BFF3B00E2BC2C /* SceneDelegate.swift */ = {isa = PBXFileReference; lastKnownFileType = sourcecode.swift; path = SceneDelegate.swift; sourceTree = "<group>"; };
		9A865BC3282BFF3B00E2BC2C /* ViewController.swift */ = {isa = PBXFileReference; lastKnownFileType = sourcecode.swift; path = ViewController.swift; sourceTree = "<group>"; };
		9A865BC6282BFF3B00E2BC2C /* Base */ = {isa = PBXFileReference; lastKnownFileType = file.storyboard; name = Base; path = Base.lproj/Main.storyboard; sourceTree = "<group>"; };
		9A865BC8282BFF4200E2BC2C /* Assets.xcassets */ = {isa = PBXFileReference; lastKnownFileType = folder.assetcatalog; path = Assets.xcassets; sourceTree = "<group>"; };
		9A865BCB282BFF4200E2BC2C /* Base */ = {isa = PBXFileReference; lastKnownFileType = file.storyboard; name = Base; path = Base.lproj/LaunchScreen.storyboard; sourceTree = "<group>"; };
		9A865BCD282BFF4200E2BC2C /* Info.plist */ = {isa = PBXFileReference; lastKnownFileType = text.plist.xml; path = Info.plist; sourceTree = "<group>"; };
		9A865BD2282BFF4200E2BC2C /* Delegation_AssTests.xctest */ = {isa = PBXFileReference; explicitFileType = wrapper.cfbundle; includeInIndex = 0; path = Delegation_AssTests.xctest; sourceTree = BUILT_PRODUCTS_DIR; };
		9A865BD6282BFF4200E2BC2C /* Delegation_AssTests.swift */ = {isa = PBXFileReference; lastKnownFileType = sourcecode.swift; path = Delegation_AssTests.swift; sourceTree = "<group>"; };
		9A865BDC282BFF4200E2BC2C /* Delegation_AssUITests.xctest */ = {isa = PBXFileReference; explicitFileType = wrapper.cfbundle; includeInIndex = 0; path = Delegation_AssUITests.xctest; sourceTree = BUILT_PRODUCTS_DIR; };
		9A865BE0282BFF4200E2BC2C /* Delegation_AssUITests.swift */ = {isa = PBXFileReference; lastKnownFileType = sourcecode.swift; path = Delegation_AssUITests.swift; sourceTree = "<group>"; };
		9A865BE2282BFF4200E2BC2C /* Delegation_AssUITestsLaunchTests.swift */ = {isa = PBXFileReference; lastKnownFileType = sourcecode.swift; path = Delegation_AssUITestsLaunchTests.swift; sourceTree = "<group>"; };
		9A865BEF282C035800E2BC2C /* ViewController1.swift */ = {isa = PBXFileReference; lastKnownFileType = sourcecode.swift; path = ViewController1.swift; sourceTree = "<group>"; };
/* End PBXFileReference section */

/* Begin PBXFrameworksBuildPhase section */
		9A865BB9282BFF3B00E2BC2C /* Frameworks */ = {
			isa = PBXFrameworksBuildPhase;
			buildActionMask = 2147483647;
			files = (
			);
			runOnlyForDeploymentPostprocessing = 0;
		};
		9A865BCF282BFF4200E2BC2C /* Frameworks */ = {
			isa = PBXFrameworksBuildPhase;
			buildActionMask = 2147483647;
			files = (
			);
			runOnlyForDeploymentPostprocessing = 0;
		};
		9A865BD9282BFF4200E2BC2C /* Frameworks */ = {
			isa = PBXFrameworksBuildPhase;
			buildActionMask = 2147483647;
			files = (
			);
			runOnlyForDeploymentPostprocessing = 0;
		};
/* End PBXFrameworksBuildPhase section */

/* Begin PBXGroup section */
		9A865BB3282BFF3B00E2BC2C = {
			isa = PBXGroup;
			children = (
				9A865BBE282BFF3B00E2BC2C /* Delegation_Ass */,
				9A865BD5282BFF4200E2BC2C /* Delegation_AssTests */,
				9A865BDF282BFF4200E2BC2C /* Delegation_AssUITests */,
				9A865BBD282BFF3B00E2BC2C /* Products */,
			);
			sourceTree = "<group>";
		};
		9A865BBD282BFF3B00E2BC2C /* Products */ = {
			isa = PBXGroup;
			children = (
				9A865BBC282BFF3B00E2BC2C /* Delegation_Ass.app */,
				9A865BD2282BFF4200E2BC2C /* Delegation_AssTests.xctest */,
				9A865BDC282BFF4200E2BC2C /* Delegation_AssUITests.xctest */,
			);
			name = Products;
			sourceTree = "<group>";
		};
		9A865BBE282BFF3B00E2BC2C /* Delegation_Ass */ = {
			isa = PBXGroup;
			children = (
				9A865BBF282BFF3B00E2BC2C /* AppDelegate.swift */,
				9A865BC1282BFF3B00E2BC2C /* SceneDelegate.swift */,
				9A865BC3282BFF3B00E2BC2C /* ViewController.swift */,
				9A865BEF282C035800E2BC2C /* ViewController1.swift */,
				9A865BC5282BFF3B00E2BC2C /* Main.storyboard */,
				9A865BC8282BFF4200E2BC2C /* Assets.xcassets */,
				9A865BCA282BFF4200E2BC2C /* LaunchScreen.storyboard */,
				9A865BCD282BFF4200E2BC2C /* Info.plist */,
			);
			path = Delegation_Ass;
			sourceTree = "<group>";
		};
		9A865BD5282BFF4200E2BC2C /* Delegation_AssTests */ = {
			isa = PBXGroup;
			children = (
				9A865BD6282BFF4200E2BC2C /* Delegation_AssTests.swift */,
			);
			path = Delegation_AssTests;
			sourceTree = "<group>";
		};
		9A865BDF282BFF4200E2BC2C /* Delegation_AssUITests */ = {
			isa = PBXGroup;
			children = (
				9A865BE0282BFF4200E2BC2C /* Delegation_AssUITests.swift */,
				9A865BE2282BFF4200E2BC2C /* Delegation_AssUITestsLaunchTests.swift */,
			);
			path = Delegation_AssUITests;
			sourceTree = "<group>";
		};
/* End PBXGroup section */

/* Begin PBXNativeTarget section */
		9A865BBB282BFF3B00E2BC2C /* Delegation_Ass */ = {
			isa = PBXNativeTarget;
			buildConfigurationList = 9A865BE6282BFF4200E2BC2C /* Build configuration list for PBXNativeTarget "Delegation_Ass" */;
			buildPhases = (
				9A865BB8282BFF3B00E2BC2C /* Sources */,
				9A865BB9282BFF3B00E2BC2C /* Frameworks */,
				9A865BBA282BFF3B00E2BC2C /* Resources */,
			);
			buildRules = (
			);
			dependencies = (
			);
			name = Delegation_Ass;
			productName = Delegation_Ass;
			productReference = 9A865BBC282BFF3B00E2BC2C /* Delegation_Ass.app */;
			productType = "com.apple.product-type.application";
		};
		9A865BD1282BFF4200E2BC2C /* Delegation_AssTests */ = {
			isa = PBXNativeTarget;
			buildConfigurationList = 9A865BE9282BFF4200E2BC2C /* Build configuration list for PBXNativeTarget "Delegation_AssTests" */;
			buildPhases = (
				9A865BCE282BFF4200E2BC2C /* Sources */,
				9A865BCF282BFF4200E2BC2C /* Frameworks */,
				9A865BD0282BFF4200E2BC2C /* Resources */,
			);
			buildRules = (
			);
			dependencies = (
				9A865BD4282BFF4200E2BC2C /* PBXTargetDependency */,
			);
			name = Delegation_AssTests;
			productName = Delegation_AssTests;
			productReference = 9A865BD2282BFF4200E2BC2C /* Delegation_AssTests.xctest */;
			productType = "com.apple.product-type.bundle.unit-test";
		};
		9A865BDB282BFF4200E2BC2C /* Delegation_AssUITests */ = {
			isa = PBXNativeTarget;
			buildConfigurationList = 9A865BEC282BFF4200E2BC2C /* Build configuration list for PBXNativeTarget "Delegation_AssUITests" */;
			buildPhases = (
				9A865BD8282BFF4200E2BC2C /* Sources */,
				9A865BD9282BFF4200E2BC2C /* Frameworks */,
				9A865BDA282BFF4200E2BC2C /* Resources */,
			);
			buildRules = (
			);
			dependencies = (
				9A865BDE282BFF4200E2BC2C /* PBXTargetDependency */,
			);
			name = Delegation_AssUITests;
			productName = Delegation_AssUITests;
			productReference = 9A865BDC282BFF4200E2BC2C /* Delegation_AssUITests.xctest */;
			productType = "com.apple.product-type.bundle.ui-testing";
		};
/* End PBXNativeTarget section */

/* Begin PBXProject section */
		9A865BB4282BFF3B00E2BC2C /* Project object */ = {
			isa = PBXProject;
			attributes = {
				BuildIndependentTargetsInParallel = 1;
				LastSwiftUpdateCheck = 1300;
				LastUpgradeCheck = 1300;
				TargetAttributes = {
					9A865BBB282BFF3B00E2BC2C = {
						CreatedOnToolsVersion = 13.0;
					};
					9A865BD1282BFF4200E2BC2C = {
						CreatedOnToolsVersion = 13.0;
						TestTargetID = 9A865BBB282BFF3B00E2BC2C;
					};
					9A865BDB282BFF4200E2BC2C = {
						CreatedOnToolsVersion = 13.0;
						TestTargetID = 9A865BBB282BFF3B00E2BC2C;
					};
				};
			};
			buildConfigurationList = 9A865BB7282BFF3B00E2BC2C /* Build configuration list for PBXProject "Delegation_Ass" */;
			compatibilityVersion = "Xcode 13.0";
			developmentRegion = en;
			hasScannedForEncodings = 0;
			knownRegions = (
				en,
				Base,
			);
			mainGroup = 9A865BB3282BFF3B00E2BC2C;
			productRefGroup = 9A865BBD282BFF3B00E2BC2C /* Products */;
			projectDirPath = "";
			projectRoot = "";
			targets = (
				9A865BBB282BFF3B00E2BC2C /* Delegation_Ass */,
				9A865BD1282BFF4200E2BC2C /* Delegation_AssTests */,
				9A865BDB282BFF4200E2BC2C /* Delegation_AssUITests */,
			);
		};
/* End PBXProject section */

/* Begin PBXResourcesBuildPhase section */
		9A865BBA282BFF3B00E2BC2C /* Resources */ = {
			isa = PBXResourcesBuildPhase;
			buildActionMask = 2147483647;
			files = (
				9A865BCC282BFF4200E2BC2C /* LaunchScreen.storyboard in Resources */,
				9A865BC9282BFF4200E2BC2C /* Assets.xcassets in Resources */,
				9A865BC7282BFF3B00E2BC2C /* Main.storyboard in Resources */,
			);
			runOnlyForDeploymentPostprocessing = 0;
		};
		9A865BD0282BFF4200E2BC2C /* Resources */ = {
			isa = PBXResourcesBuildPhase;
			buildActionMask = 2147483647;
			files = (
			);
			runOnlyForDeploymentPostprocessing = 0;
		};
		9A865BDA282BFF4200E2BC2C /* Resources */ = {
			isa = PBXResourcesBuildPhase;
			buildActionMask = 2147483647;
			files = (
			);
			runOnlyForDeploymentPostprocessing = 0;
		};
/* End PBXResourcesBuildPhase section */

/* Begin PBXSourcesBuildPhase section */
		9A865BB8282BFF3B00E2BC2C /* Sources */ = {
			isa = PBXSourcesBuildPhase;
			buildActionMask = 2147483647;
			files = (
				9A865BF0282C035800E2BC2C /* ViewController1.swift in Sources */,
				9A865BC4282BFF3B00E2BC2C /* ViewController.swift in Sources */,
				9A865BC0282BFF3B00E2BC2C /* AppDelegate.swift in Sources */,
				9A865BC2282BFF3B00E2BC2C /* SceneDelegate.swift in Sources */,
			);
			runOnlyForDeploymentPostprocessing = 0;
		};
		9A865BCE282BFF4200E2BC2C /* Sources */ = {
			isa = PBXSourcesBuildPhase;
			buildActionMask = 2147483647;
			files = (
				9A865BD7282BFF4200E2BC2C /* Delegation_AssTests.swift in Sources */,
			);
			runOnlyForDeploymentPostprocessing = 0;
		};
		9A865BD8282BFF4200E2BC2C /* Sources */ = {
			isa = PBXSourcesBuildPhase;
			buildActionMask = 2147483647;
			files = (
				9A865BE3282BFF4200E2BC2C /* Delegation_AssUITestsLaunchTests.swift in Sources */,
				9A865BE1282BFF4200E2BC2C /* Delegation_AssUITests.swift in Sources */,
			);
			runOnlyForDeploymentPostprocessing = 0;
		};
/* End PBXSourcesBuildPhase section */

/* Begin PBXTargetDependency section */
		9A865BD4282BFF4200E2BC2C /* PBXTargetDependency */ = {
			isa = PBXTargetDependency;
			target = 9A865BBB282BFF3B00E2BC2C /* Delegation_Ass */;
			targetProxy = 9A865BD3282BFF4200E2BC2C /* PBXContainerItemProxy */;
		};
		9A865BDE282BFF4200E2BC2C /* PBXTargetDependency */ = {
			isa = PBXTargetDependency;
			target = 9A865BBB282BFF3B00E2BC2C /* Delegation_Ass */;
			targetProxy = 9A865BDD282BFF4200E2BC2C /* PBXContainerItemProxy */;
		};
/* End PBXTargetDependency section */

/* Begin PBXVariantGroup section */
		9A865BC5282BFF3B00E2BC2C /* Main.storyboard */ = {
			isa = PBXVariantGroup;
			children = (
				9A865BC6282BFF3B00E2BC2C /* Base */,
			);
			name = Main.storyboard;
			sourceTree = "<group>";
		};
		9A865BCA282BFF4200E2BC2C /* LaunchScreen.storyboard */ = {
			isa = PBXVariantGroup;
			children = (
				9A865BCB282BFF4200E2BC2C /* Base */,
			);
			name = LaunchScreen.storyboard;
			sourceTree = "<group>";
		};
/* End PBXVariantGroup section */

/* Begin XCBuildConfiguration section */
		9A865BE4282BFF4200E2BC2C /* Debug */ = {
			isa = XCBuildConfiguration;
			buildSettings = {
				ALWAYS_SEARCH_USER_PATHS = NO;
				CLANG_ANALYZER_NONNULL = YES;
				CLANG_ANALYZER_NUMBER_OBJECT_CONVERSION = YES_AGGRESSIVE;
				CLANG_CXX_LANGUAGE_STANDARD = "gnu++17";
				CLANG_CXX_LIBRARY = "libc++";
				CLANG_ENABLE_MODULES = YES;
				CLANG_ENABLE_OBJC_ARC = YES;
				CLANG_ENABLE_OBJC_WEAK = YES;
				CLANG_WARN_BLOCK_CAPTURE_AUTORELEASING = YES;
				CLANG_WARN_BOOL_CONVERSION = YES;
				CLANG_WARN_COMMA = YES;
				CLANG_WARN_CONSTANT_CONVERSION = YES;
				CLANG_WARN_DEPRECATED_OBJC_IMPLEMENTATIONS = YES;
				CLANG_WARN_DIRECT_OBJC_ISA_USAGE = YES_ERROR;
				CLANG_WARN_DOCUMENTATION_COMMENTS = YES;
				CLANG_WARN_EMPTY_BODY = YES;
				CLANG_WARN_ENUM_CONVERSION = YES;
				CLANG_WARN_INFINITE_RECURSION = YES;
				CLANG_WARN_INT_CONVERSION = YES;
				CLANG_WARN_NON_LITERAL_NULL_CONVERSION = YES;
				CLANG_WARN_OBJC_IMPLICIT_RETAIN_SELF = YES;
				CLANG_WARN_OBJC_LITERAL_CONVERSION = YES;
				CLANG_WARN_OBJC_ROOT_CLASS = YES_ERROR;
				CLANG_WARN_QUOTED_INCLUDE_IN_FRAMEWORK_HEADER = YES;
				CLANG_WARN_RANGE_LOOP_ANALYSIS = YES;
				CLANG_WARN_STRICT_PROTOTYPES = YES;
				CLANG_WARN_SUSPICIOUS_MOVE = YES;
				CLANG_WARN_UNGUARDED_AVAILABILITY = YES_AGGRESSIVE;
				CLANG_WARN_UNREACHABLE_CODE = YES;
				CLANG_WARN__DUPLICATE_METHOD_MATCH = YES;
				COPY_PHASE_STRIP = NO;
				DEBUG_INFORMATION_FORMAT = dwarf;
				ENABLE_STRICT_OBJC_MSGSEND = YES;
				ENABLE_TESTABILITY = YES;
				GCC_C_LANGUAGE_STANDARD = gnu11;
				GCC_DYNAMIC_NO_PIC = NO;
				GCC_NO_COMMON_BLOCKS = YES;
				GCC_OPTIMIZATION_LEVEL = 0;
				GCC_PREPROCESSOR_DEFINITIONS = (
					"DEBUG=1",
					"$(inherited)",
				);
				GCC_WARN_64_TO_32_BIT_CONVERSION = YES;
				GCC_WARN_ABOUT_RETURN_TYPE = YES_ERROR;
				GCC_WARN_UNDECLARED_SELECTOR = YES;
				GCC_WARN_UNINITIALIZED_AUTOS = YES_AGGRESSIVE;
				GCC_WARN_UNUSED_FUNCTION = YES;
				GCC_WARN_UNUSED_VARIABLE = YES;
				IPHONEOS_DEPLOYMENT_TARGET = 15.0;
				MTL_ENABLE_DEBUG_INFO = INCLUDE_SOURCE;
				MTL_FAST_MATH = YES;
				ONLY_ACTIVE_ARCH = YES;
				SDKROOT = iphoneos;
				SWIFT_ACTIVE_COMPILATION_CONDITIONS = DEBUG;
				SWIFT_OPTIMIZATION_LEVEL = "-Onone";
			};
			name = Debug;
		};
		9A865BE5282BFF4200E2BC2C /* Release */ = {
			isa = XCBuildConfiguration;
			buildSettings = {
				ALWAYS_SEARCH_USER_PATHS = NO;
				CLANG_ANALYZER_NONNULL = YES;
				CLANG_ANALYZER_NUMBER_OBJECT_CONVERSION = YES_AGGRESSIVE;
				CLANG_CXX_LANGUAGE_STANDARD = "gnu++17";
				CLANG_CXX_LIBRARY = "libc++";
				CLANG_ENABLE_MODULES = YES;
				CLANG_ENABLE_OBJC_ARC = YES;
				CLANG_ENABLE_OBJC_WEAK = YES;
				CLANG_WARN_BLOCK_CAPTURE_AUTORELEASING = YES;
				CLANG_WARN_BOOL_CONVERSION = YES;
				CLANG_WARN_COMMA = YES;
				CLANG_WARN_CONSTANT_CONVERSION = YES;
				CLANG_WARN_DEPRECATED_OBJC_IMPLEMENTATIONS = YES;
				CLANG_WARN_DIRECT_OBJC_ISA_USAGE = YES_ERROR;
				CLANG_WARN_DOCUMENTATION_COMMENTS = YES;
				CLANG_WARN_EMPTY_BODY = YES;
				CLANG_WARN_ENUM_CONVERSION = YES;
				CLANG_WARN_INFINITE_RECURSION = YES;
				CLANG_WARN_INT_CONVERSION = YES;
				CLANG_WARN_NON_LITERAL_NULL_CONVERSION = YES;
				CLANG_WARN_OBJC_IMPLICIT_RETAIN_SELF = YES;
				CLANG_WARN_OBJC_LITERAL_CONVERSION = YES;
				CLANG_WARN_OBJC_ROOT_CLASS = YES_ERROR;
				CLANG_WARN_QUOTED_INCLUDE_IN_FRAMEWORK_HEADER = YES;
				CLANG_WARN_RANGE_LOOP_ANALYSIS = YES;
				CLANG_WARN_STRICT_PROTOTYPES = YES;
				CLANG_WARN_SUSPICIOUS_MOVE = YES;
				CLANG_WARN_UNGUARDED_AVAILABILITY = YES_AGGRESSIVE;
				CLANG_WARN_UNREACHABLE_CODE = YES;
				CLANG_WARN__DUPLICATE_METHOD_MATCH = YES;
				COPY_PHASE_STRIP = NO;
				DEBUG_INFORMATION_FORMAT = "dwarf-with-dsym";
				ENABLE_NS_ASSERTIONS = NO;
				ENABLE_STRICT_OBJC_MSGSEND = YES;
				GCC_C_LANGUAGE_STANDARD = gnu11;
				GCC_NO_COMMON_BLOCKS = YES;
				GCC_WARN_64_TO_32_BIT_CONVERSION = YES;
				GCC_WARN_ABOUT_RETURN_TYPE = YES_ERROR;
				GCC_WARN_UNDECLARED_SELECTOR = YES;
				GCC_WARN_UNINITIALIZED_AUTOS = YES_AGGRESSIVE;
				GCC_WARN_UNUSED_FUNCTION = YES;
				GCC_WARN_UNUSED_VARIABLE = YES;
				IPHONEOS_DEPLOYMENT_TARGET = 15.0;
				MTL_ENABLE_DEBUG_INFO = NO;
				MTL_FAST_MATH = YES;
				SDKROOT = iphoneos;
				SWIFT_COMPILATION_MODE = wholemodule;
				SWIFT_OPTIMIZATION_LEVEL = "-O";
				VALIDATE_PRODUCT = YES;
			};
			name = Release;
		};
		9A865BE7282BFF4200E2BC2C /* Debug */ = {
			isa = XCBuildConfiguration;
			buildSettings = {
				ASSETCATALOG_COMPILER_APPICON_NAME = AppIcon;
				ASSETCATALOG_COMPILER_GLOBAL_ACCENT_COLOR_NAME = AccentColor;
				CODE_SIGN_STYLE = Automatic;
				CURRENT_PROJECT_VERSION = 1;
				GENERATE_INFOPLIST_FILE = YES;
				INFOPLIST_FILE = Delegation_Ass/Info.plist;
				INFOPLIST_KEY_UIApplicationSupportsIndirectInputEvents = YES;
				INFOPLIST_KEY_UILaunchStoryboardName = LaunchScreen;
				INFOPLIST_KEY_UIMainStoryboardFile = Main;
				INFOPLIST_KEY_UISupportedInterfaceOrientations_iPad = "UIInterfaceOrientationPortrait UIInterfaceOrientationPortraitUpsideDown UIInterfaceOrientationLandscapeLeft UIInterfaceOrientationLandscapeRight";
				INFOPLIST_KEY_UISupportedInterfaceOrientations_iPhone = "UIInterfaceOrientationPortrait UIInterfaceOrientationLandscapeLeft UIInterfaceOrientationLandscapeRight";
				LD_RUNPATH_SEARCH_PATHS = (
					"$(inherited)",
					"@executable_path/Frameworks",
				);
				MARKETING_VERSION = 1.0;
				PRODUCT_BUNDLE_IDENTIFIER = "com.rsllearning.Delegation-Ass";
				PRODUCT_NAME = "$(TARGET_NAME)";
				SWIFT_EMIT_LOC_STRINGS = YES;
				SWIFT_VERSION = 5.0;
				TARGETED_DEVICE_FAMILY = "1,2";
			};
			name = Debug;
		};
		9A865BE8282BFF4200E2BC2C /* Release */ = {
			isa = XCBuildConfiguration;
			buildSettings = {
				ASSETCATALOG_COMPILER_APPICON_NAME = AppIcon;
				ASSETCATALOG_COMPILER_GLOBAL_ACCENT_COLOR_NAME = AccentColor;
				CODE_SIGN_STYLE = Automatic;
				CURRENT_PROJECT_VERSION = 1;
				GENERATE_INFOPLIST_FILE = YES;
				INFOPLIST_FILE = Delegation_Ass/Info.plist;
				INFOPLIST_KEY_UIApplicationSupportsIndirectInputEvents = YES;
				INFOPLIST_KEY_UILaunchStoryboardName = LaunchScreen;
				INFOPLIST_KEY_UIMainStoryboardFile = Main;
				INFOPLIST_KEY_UISupportedInterfaceOrientations_iPad = "UIInterfaceOrientationPortrait UIInterfaceOrientationPortraitUpsideDown UIInterfaceOrientationLandscapeLeft UIInterfaceOrientationLandscapeRight";
				INFOPLIST_KEY_UISupportedInterfaceOrientations_iPhone = "UIInterfaceOrientationPortrait UIInterfaceOrientationLandscapeLeft UIInterfaceOrientationLandscapeRight";
				LD_RUNPATH_SEARCH_PATHS = (
					"$(inherited)",
					"@executable_path/Frameworks",
				);
				MARKETING_VERSION = 1.0;
				PRODUCT_BUNDLE_IDENTIFIER = "com.rsllearning.Delegation-Ass";
				PRODUCT_NAME = "$(TARGET_NAME)";
				SWIFT_EMIT_LOC_STRINGS = YES;
				SWIFT_VERSION = 5.0;
				TARGETED_DEVICE_FAMILY = "1,2";
			};
			name = Release;
		};
		9A865BEA282BFF4200E2BC2C /* Debug */ = {
			isa = XCBuildConfiguration;
			buildSettings = {
				ALWAYS_EMBED_SWIFT_STANDARD_LIBRARIES = YES;
				BUNDLE_LOADER = "$(TEST_HOST)";
				CODE_SIGN_STYLE = Automatic;
				CURRENT_PROJECT_VERSION = 1;
				GENERATE_INFOPLIST_FILE = YES;
				IPHONEOS_DEPLOYMENT_TARGET = 15.0;
				LD_RUNPATH_SEARCH_PATHS = (
					"$(inherited)",
					"@executable_path/Frameworks",
					"@loader_path/Frameworks",
				);
				MARKETING_VERSION = 1.0;
				PRODUCT_BUNDLE_IDENTIFIER = "com.rsllearning.Delegation-AssTests";
				PRODUCT_NAME = "$(TARGET_NAME)";
				SWIFT_EMIT_LOC_STRINGS = NO;
				SWIFT_VERSION = 5.0;
				TARGETED_DEVICE_FAMILY = "1,2";
				TEST_HOST = "$(BUILT_PRODUCTS_DIR)/Delegation_Ass.app/Delegation_Ass";
			};
			name = Debug;
		};
		9A865BEB282BFF4200E2BC2C /* Release */ = {
			isa = XCBuildConfiguration;
			buildSettings = {
				ALWAYS_EMBED_SWIFT_STANDARD_LIBRARIES = YES;
				BUNDLE_LOADER = "$(TEST_HOST)";
				CODE_SIGN_STYLE = Automatic;
				CURRENT_PROJECT_VERSION = 1;
				GENERATE_INFOPLIST_FILE = YES;
				IPHONEOS_DEPLOYMENT_TARGET = 15.0;
				LD_RUNPATH_SEARCH_PATHS = (
					"$(inherited)",
					"@executable_path/Frameworks",
					"@loader_path/Frameworks",
				);
				MARKETING_VERSION = 1.0;
				PRODUCT_BUNDLE_IDENTIFIER = "com.rsllearning.Delegation-AssTests";
				PRODUCT_NAME = "$(TARGET_NAME)";
				SWIFT_EMIT_LOC_STRINGS = NO;
				SWIFT_VERSION = 5.0;
				TARGETED_DEVICE_FAMILY = "1,2";
				TEST_HOST = "$(BUILT_PRODUCTS_DIR)/Delegation_Ass.app/Delegation_Ass";
			};
			name = Release;
		};
		9A865BED282BFF4200E2BC2C /* Debug */ = {
			isa = XCBuildConfiguration;
			buildSettings = {
				ALWAYS_EMBED_SWIFT_STANDARD_LIBRARIES = YES;
				CODE_SIGN_STYLE = Automatic;
				CURRENT_PROJECT_VERSION = 1;
				GENERATE_INFOPLIST_FILE = YES;
				LD_RUNPATH_SEARCH_PATHS = (
					"$(inherited)",
					"@executable_path/Frameworks",
					"@loader_path/Frameworks",
				);
				MARKETING_VERSION = 1.0;
				PRODUCT_BUNDLE_IDENTIFIER = "com.rsllearning.Delegation-AssUITests";
				PRODUCT_NAME = "$(TARGET_NAME)";
				SWIFT_EMIT_LOC_STRINGS = NO;
				SWIFT_VERSION = 5.0;
				TARGETED_DEVICE_FAMILY = "1,2";
				TEST_TARGET_NAME = Delegation_Ass;
			};
			name = Debug;
		};
		9A865BEE282BFF4200E2BC2C /* Release */ = {
			isa = XCBuildConfiguration;
			buildSettings = {
				ALWAYS_EMBED_SWIFT_STANDARD_LIBRARIES = YES;
				CODE_SIGN_STYLE = Automatic;
				CURRENT_PROJECT_VERSION = 1;
				GENERATE_INFOPLIST_FILE = YES;
				LD_RUNPATH_SEARCH_PATHS = (
					"$(inherited)",
					"@executable_path/Frameworks",
					"@loader_path/Frameworks",
				);
				MARKETING_VERSION = 1.0;
				PRODUCT_BUNDLE_IDENTIFIER = "com.rsllearning.Delegation-AssUITests";
				PRODUCT_NAME = "$(TARGET_NAME)";
				SWIFT_EMIT_LOC_STRINGS = NO;
				SWIFT_VERSION = 5.0;
				TARGETED_DEVICE_FAMILY = "1,2";
				TEST_TARGET_NAME = Delegation_Ass;
			};
			name = Release;
		};
/* End XCBuildConfiguration section */

/* Begin XCConfigurationList section */
		9A865BB7282BFF3B00E2BC2C /* Build configuration list for PBXProject "Delegation_Ass" */ = {
			isa = XCConfigurationList;
			buildConfigurations = (
				9A865BE4282BFF4200E2BC2C /* Debug */,
				9A865BE5282BFF4200E2BC2C /* Release */,
			);
			defaultConfigurationIsVisible = 0;
			defaultConfigurationName = Release;
		};
		9A865BE6282BFF4200E2BC2C /* Build configuration list for PBXNativeTarget "Delegation_Ass" */ = {
			isa = XCConfigurationList;
			buildConfigurations = (
				9A865BE7282BFF4200E2BC2C /* Debug */,
				9A865BE8282BFF4200E2BC2C /* Release */,
			);
			defaultConfigurationIsVisible = 0;
			defaultConfigurationName = Release;
		};
		9A865BE9282BFF4200E2BC2C /* Build configuration list for PBXNativeTarget "Delegation_AssTests" */ = {
			isa = XCConfigurationList;
			buildConfigurations = (
				9A865BEA282BFF4200E2BC2C /* Debug */,
				9A865BEB282BFF4200E2BC2C /* Release */,
			);
			defaultConfigurationIsVisible = 0;
			defaultConfigurationName = Release;
		};
		9A865BEC282BFF4200E2BC2C /* Build configuration list for PBXNativeTarget "Delegation_AssUITests" */ = {
			isa = XCConfigurationList;
			buildConfigurations = (
				9A865BED282BFF4200E2BC2C /* Debug */,
				9A865BEE282BFF4200E2BC2C /* Release */,
			);
			defaultConfigurationIsVisible = 0;
			defaultConfigurationName = Release;
		};
/* End XCConfigurationList section */
	};
	rootObject = 9A865BB4282BFF3B00E2BC2C /* Project object */;
}
